# This file is automatically @generated by Cargo.
# It is not intended for manual editing.
version = 4

[[package]]
name = "rusthammer"
version = "0.0.0"

[[package]]
name = "rusthammer_constructor_consumer"
version = "0.0.0"
dependencies = [
 "rusthammer",
 "rusthammer_constructor_probe",
]

[[package]]
name = "rusthammer_constructor_probe"
version = "0.0.0"
dependencies = [
 "rusthammer",
]
