# This file is automatically @generated by Cargo.
# It is not intended for manual editing.
version = 4

[[package]]
name = "recursive-rules-consumer"
version = "0.0.0"
dependencies = [
 "rusthammer-recursive-rules-probe",
]

[[package]]
name = "rusthammer"
version = "0.0.0"

[[package]]
name = "rusthammer-recursive-rules-probe"
version = "0.0.0"
dependencies = [
 "rusthammer",
]
